
Microsoft Visual Studio Solution File, Format Version 12.00
# Visual Studio Version 16
VisualStudioVersion = 16.0.31424.327
MinimumVisualStudioVersion = 10.0.40219.1
Project("{FAE04EC0-301F-11D3-BF4B-00C04F79EFBC}") = "LMS", "LMS.csproj", "{D3890CD9-C291-4155-AE4C-7B4DC91FD475}"
EndProject
Global
	GlobalSection(SolutionConfigurationPlatforms) = preSolution
		Debug|Any CPU = Debug|Any CPU
		Release|Any CPU = Release|Any CPU
	EndGlobalSection
	GlobalSection(ProjectConfigurationPlatforms) = postSolution
		{D3890CD9-C291-4155-AE4C-7B4DC91FD475}.Debug|Any CPU.ActiveCfg = Debug|Any CPU
		{D3890CD9-C291-4155-AE4C-7B4DC91FD475}.Debug|Any CPU.Build.0 = Debug|Any CPU
		{D3890CD9-C291-4155-AE4C-7B4DC91FD475}.Release|Any CPU.ActiveCfg = Release|Any CPU
		{D3890CD9-C291-4155-AE4C-7B4DC91FD475}.Release|Any CPU.Build.0 = Release|Any CPU
	EndGlobalSection
	GlobalSection(SolutionProperties) = preSolution
		HideSolutionNode = FALSE
	EndGlobalSection
	GlobalSection(ExtensibilityGlobals) = postSolution
		SolutionGuid = {8A44E506-7C69-43DB-B247-6CCDAEE9C0EE}
	EndGlobalSection
EndGlobal
